# This file is generated by running "yarn install" inside your project.
# Manual changes might be lost - proceed with caution!

__metadata:
  version: 8
  cacheKey: 10c0

"@esbuild/aix-ppc64@npm:0.23.0":
  version: 0.23.0
  resolution: "@esbuild/aix-ppc64@npm:0.23.0"
  conditions: os=aix & cpu=ppc64
  languageName: node
  linkType: hard

"@esbuild/android-arm64@npm:0.23.0":
  version: 0.23.0
  resolution: "@esbuild/android-arm64@npm:0.23.0"
  conditions: os=android & cpu=arm64
  languageName: node
  linkType: hard

"@esbuild/android-arm@npm:0.23.0":
  version: 0.23.0
  resolution: "@esbuild/android-arm@npm:0.23.0"
  conditions: os=android & cpu=arm
  languageName: node
  linkType: hard

"@esbuild/android-x64@npm:0.23.0":
  version: 0.23.0
  resolution: "@esbuild/android-x64@npm:0.23.0"
  conditions: os=android & cpu=x64
  languageName: node
  linkType: hard

"@esbuild/darwin-arm64@npm:0.23.0":
  version: 0.23.0
  resolution: "@esbuild/darwin-arm64@npm:0.23.0"
  conditions: os=darwin & cpu=arm64
  languageName: node
  linkType: hard

"@esbuild/darwin-x64@npm:0.23.0":
  version: 0.23.0
  resolution: "@esbuild/darwin-x64@npm:0.23.0"
  conditions: os=darwin & cpu=x64
  languageName: node
  linkType: hard

"@esbuild/freebsd-arm64@npm:0.23.0":
  version: 0.23.0
  resolution: "@esbuild/freebsd-arm64@npm:0.23.0"
  conditions: os=freebsd & cpu=arm64
  languageName: node
  linkType: hard

"@esbuild/freebsd-x64@npm:0.23.0":
  version: 0.23.0
  resolution: "@esbuild/freebsd-x64@npm:0.23.0"
  conditions: os=freebsd & cpu=x64
  languageName: node
  linkType: hard

"@esbuild/linux-arm64@npm:0.23.0":
  version: 0.23.0
  resolution: "@esbuild/linux-arm64@npm:0.23.0"
  conditions: os=linux & cpu=arm64
  languageName: node
  linkType: hard

"@esbuild/linux-arm@npm:0.23.0":
  version: 0.23.0
  resolution: "@esbuild/linux-arm@npm:0.23.0"
  conditions: os=linux & cpu=arm
  languageName: node
  linkType: hard

"@esbuild/linux-ia32@npm:0.23.0":
  version: 0.23.0
  resolution: "@esbuild/linux-ia32@npm:0.23.0"
  conditions: os=linux & cpu=ia32
  languageName: node
  linkType: hard

"@esbuild/linux-loong64@npm:0.23.0":
  version: 0.23.0
  resolution: "@esbuild/linux-loong64@npm:0.23.0"
  conditions: os=linux & cpu=loong64
  languageName: node
  linkType: hard

"@esbuild/linux-mips64el@npm:0.23.0":
  version: 0.23.0
  resolution: "@esbuild/linux-mips64el@npm:0.23.0"
  conditions: os=linux & cpu=mips64el
  languageName: node
  linkType: hard

"@esbuild/linux-ppc64@npm:0.23.0":
  version: 0.23.0
  resolution: "@esbuild/linux-ppc64@npm:0.23.0"
  conditions: os=linux & cpu=ppc64
  languageName: node
  linkType: hard

"@esbuild/linux-riscv64@npm:0.23.0":
  version: 0.23.0
  resolution: "@esbuild/linux-riscv64@npm:0.23.0"
  conditions: os=linux & cpu=riscv64
  languageName: node
  linkType: hard

"@esbuild/linux-s390x@npm:0.23.0":
  version: 0.23.0
  resolution: "@esbuild/linux-s390x@npm:0.23.0"
  conditions: os=linux & cpu=s390x
  languageName: node
  linkType: hard

"@esbuild/linux-x64@npm:0.23.0":
  version: 0.23.0
  resolution: "@esbuild/linux-x64@npm:0.23.0"
  conditions: os=linux & cpu=x64
  languageName: node
  linkType: hard

"@esbuild/netbsd-x64@npm:0.23.0":
  version: 0.23.0
  resolution: "@esbuild/netbsd-x64@npm:0.23.0"
  conditions: os=netbsd & cpu=x64
  languageName: node
  linkType: hard

"@esbuild/openbsd-arm64@npm:0.23.0":
  version: 0.23.0
  resolution: "@esbuild/openbsd-arm64@npm:0.23.0"
  conditions: os=openbsd & cpu=arm64
  languageName: node
  linkType: hard

"@esbuild/openbsd-x64@npm:0.23.0":
  version: 0.23.0
  resolution: "@esbuild/openbsd-x64@npm:0.23.0"
  conditions: os=openbsd & cpu=x64
  languageName: node
  linkType: hard

"@esbuild/sunos-x64@npm:0.23.0":
  version: 0.23.0
  resolution: "@esbuild/sunos-x64@npm:0.23.0"
  conditions: os=sunos & cpu=x64
  languageName: node
  linkType: hard

"@esbuild/win32-arm64@npm:0.23.0":
  version: 0.23.0
  resolution: "@esbuild/win32-arm64@npm:0.23.0"
  conditions: os=win32 & cpu=arm64
  languageName: node
  linkType: hard

"@esbuild/win32-ia32@npm:0.23.0":
  version: 0.23.0
  resolution: "@esbuild/win32-ia32@npm:0.23.0"
  conditions: os=win32 & cpu=ia32
  languageName: node
  linkType: hard

"@esbuild/win32-x64@npm:0.23.0":
  version: 0.23.0
  resolution: "@esbuild/win32-x64@npm:0.23.0"
  conditions: os=win32 & cpu=x64
  languageName: node
  linkType: hard

"@types/tapestry-connector-runtime@npm:@alexlafroscia/tapestry-connector-type-defs@^1.0.0":
  version: 1.0.0
  resolution: "@alexlafroscia/tapestry-connector-type-defs@npm:1.0.0"
  checksum: fcbe024d90e30e08673a3da368b8e5b2be6ea545c01f1fd0c9e6db86acc196765c55c4905e230217de4b261c2fb633e1de2acb716254eb65c5e27276ce4d9957
  languageName: node
  linkType: hard

"com.alexlafroscia.fastmail@workspace:.":
  version: 0.0.0-use.local
  resolution: "com.alexlafroscia.fastmail@workspace:."
  dependencies:
    "@types/tapestry-connector-runtime": "npm:@alexlafroscia/tapestry-connector-type-defs@^1.0.0"
    esbuild: "npm:^0.23.0"
    fetch-polyfill: "npm:@alexlafroscia/tapestry-connector-fetch-polyfill@^1.0.0"
    jmap-jam: "npm:^0.7.0"
  languageName: unknown
  linkType: soft

"esbuild@npm:^0.23.0":
  version: 0.23.0
  resolution: "esbuild@npm:0.23.0"
  dependencies:
    "@esbuild/aix-ppc64": "npm:0.23.0"
    "@esbuild/android-arm": "npm:0.23.0"
    "@esbuild/android-arm64": "npm:0.23.0"
    "@esbuild/android-x64": "npm:0.23.0"
    "@esbuild/darwin-arm64": "npm:0.23.0"
    "@esbuild/darwin-x64": "npm:0.23.0"
    "@esbuild/freebsd-arm64": "npm:0.23.0"
    "@esbuild/freebsd-x64": "npm:0.23.0"
    "@esbuild/linux-arm": "npm:0.23.0"
    "@esbuild/linux-arm64": "npm:0.23.0"
    "@esbuild/linux-ia32": "npm:0.23.0"
    "@esbuild/linux-loong64": "npm:0.23.0"
    "@esbuild/linux-mips64el": "npm:0.23.0"
    "@esbuild/linux-ppc64": "npm:0.23.0"
    "@esbuild/linux-riscv64": "npm:0.23.0"
    "@esbuild/linux-s390x": "npm:0.23.0"
    "@esbuild/linux-x64": "npm:0.23.0"
    "@esbuild/netbsd-x64": "npm:0.23.0"
    "@esbuild/openbsd-arm64": "npm:0.23.0"
    "@esbuild/openbsd-x64": "npm:0.23.0"
    "@esbuild/sunos-x64": "npm:0.23.0"
    "@esbuild/win32-arm64": "npm:0.23.0"
    "@esbuild/win32-ia32": "npm:0.23.0"
    "@esbuild/win32-x64": "npm:0.23.0"
  dependenciesMeta:
    "@esbuild/aix-ppc64":
      optional: true
    "@esbuild/android-arm":
      optional: true
    "@esbuild/android-arm64":
      optional: true
    "@esbuild/android-x64":
      optional: true
    "@esbuild/darwin-arm64":
      optional: true
    "@esbuild/darwin-x64":
      optional: true
    "@esbuild/freebsd-arm64":
      optional: true
    "@esbuild/freebsd-x64":
      optional: true
    "@esbuild/linux-arm":
      optional: true
    "@esbuild/linux-arm64":
      optional: true
    "@esbuild/linux-ia32":
      optional: true
    "@esbuild/linux-loong64":
      optional: true
    "@esbuild/linux-mips64el":
      optional: true
    "@esbuild/linux-ppc64":
      optional: true
    "@esbuild/linux-riscv64":
      optional: true
    "@esbuild/linux-s390x":
      optional: true
    "@esbuild/linux-x64":
      optional: true
    "@esbuild/netbsd-x64":
      optional: true
    "@esbuild/openbsd-arm64":
      optional: true
    "@esbuild/openbsd-x64":
      optional: true
    "@esbuild/sunos-x64":
      optional: true
    "@esbuild/win32-arm64":
      optional: true
    "@esbuild/win32-ia32":
      optional: true
    "@esbuild/win32-x64":
      optional: true
  bin:
    esbuild: bin/esbuild
  checksum: 08c148c067795165798c0467ce02d2d1ecedc096989bded5f0d795c61a1fcbec6c14d0a3c9f4ad6185cc29ec52087acaa335ed6d98be6ad57f7fa4264626bde0
  languageName: node
  linkType: hard

"fetch-polyfill@npm:@alexlafroscia/tapestry-connector-fetch-polyfill@^1.0.0":
  version: 1.0.0
  resolution: "@alexlafroscia/tapestry-connector-fetch-polyfill@npm:1.0.0"
  checksum: 8e3d7880ed899fea5f4624f7d2d123c07bdd936f02408de0042162c61f415807dadcc83e50be9fcddf33f291c8d304bba9d4262eb770b05f1491b1dcd6743dbc
  languageName: node
  linkType: hard

"jmap-jam@npm:^0.7.0":
  version: 0.7.0
  resolution: "jmap-jam@npm:0.7.0"
  dependencies:
    type-fest: "npm:4.5.0"
  checksum: 6e0faf1a783a3c0125c98c6f6d062604a2bd9007e22b9de499e827ba54d9c468c3cbe42ecf54b853009043dc175c0d41b57665971499db27588a3873343310f6
  languageName: node
  linkType: hard

"type-fest@npm:4.5.0":
  version: 4.5.0
  resolution: "type-fest@npm:4.5.0"
  checksum: 8f45700dcfbdd03f2882a9e47e5ef21b8f879c4731633ed5ed43f4887b866d936ff27af0999afaa486a5683c03a45bd25bcf4d021ad9ac2486899867bfec91e3
  languageName: node
  linkType: hard
